
Microsoft Visual Studio Solution File, Format Version 12.00
# Visual Studio Version 17
VisualStudioVersion = 17.0.31903.59
MinimumVisualStudioVersion = 10.0.40219.1
Project("{FAE04EC0-301F-11D3-BF4B-00C04F79EFBC}") = "SampleApp.Domain", "SampleApp.Domain\SampleApp.Domain.csproj", "{539EF3F9-DEE4-4DD7-AB59-71A1EFFBE730}"
EndProject
Project("{FAE04EC0-301F-11D3-BF4B-00C04F79EFBC}") = "SampleApp.Application", "SampleApp.Application\SampleApp.Application.csproj", "{DBC3D553-23AA-44D7-8C42-65ADCF600395}"
EndProject
Project("{FAE04EC0-301F-11D3-BF4B-00C04F79EFBC}") = "SampleApp.Infrastructure", "SampleApp.Infrastructure\SampleApp.Infrastructure.csproj", "{E1CEF23E-5F21-4AC9-8CD7-7A22CE60986A}"
EndProject
Project("{FAE04EC0-301F-11D3-BF4B-00C04F79EFBC}") = "SampleApp.WebApi", "SampleApp.WebApi\SampleApp.WebApi.csproj", "{E1C6768E-1E57-45B1-BEFB-81A21394BAE6}"
EndProject
Project("{FAE04EC0-301F-11D3-BF4B-00C04F79EFBC}") = "SampleApp.AzureFunctions", "SampleApp.AzureFunctions\SampleApp.AzureFunctions.csproj", "{75823B70-32CA-4B92-80BA-5B6892355308}"
EndProject
Global
	GlobalSection(SolutionConfigurationPlatforms) = preSolution
		Debug|Any CPU = Debug|Any CPU
		Release|Any CPU = Release|Any CPU
	EndGlobalSection
	GlobalSection(ProjectConfigurationPlatforms) = postSolution
		{539EF3F9-DEE4-4DD7-AB59-71A1EFFBE730}.Debug|Any CPU.ActiveCfg = Debug|Any CPU
		{539EF3F9-DEE4-4DD7-AB59-71A1EFFBE730}.Debug|Any CPU.Build.0 = Debug|Any CPU
		{539EF3F9-DEE4-4DD7-AB59-71A1EFFBE730}.Release|Any CPU.ActiveCfg = Release|Any CPU
		{539EF3F9-DEE4-4DD7-AB59-71A1EFFBE730}.Release|Any CPU.Build.0 = Release|Any CPU
		{DBC3D553-23AA-44D7-8C42-65ADCF600395}.Debug|Any CPU.ActiveCfg = Debug|Any CPU
		{DBC3D553-23AA-44D7-8C42-65ADCF600395}.Debug|Any CPU.Build.0 = Debug|Any CPU
		{DBC3D553-23AA-44D7-8C42-65ADCF600395}.Release|Any CPU.ActiveCfg = Release|Any CPU
		{DBC3D553-23AA-44D7-8C42-65ADCF600395}.Release|Any CPU.Build.0 = Release|Any CPU
		{E1CEF23E-5F21-4AC9-8CD7-7A22CE60986A}.Debug|Any CPU.ActiveCfg = Debug|Any CPU
		{E1CEF23E-5F21-4AC9-8CD7-7A22CE60986A}.Debug|Any CPU.Build.0 = Debug|Any CPU
		{E1CEF23E-5F21-4AC9-8CD7-7A22CE60986A}.Release|Any CPU.ActiveCfg = Release|Any CPU
		{E1CEF23E-5F21-4AC9-8CD7-7A22CE60986A}.Release|Any CPU.Build.0 = Release|Any CPU
		{E1C6768E-1E57-45B1-BEFB-81A21394BAE6}.Debug|Any CPU.ActiveCfg = Debug|Any CPU
		{E1C6768E-1E57-45B1-BEFB-81A21394BAE6}.Debug|Any CPU.Build.0 = Debug|Any CPU
		{E1C6768E-1E57-45B1-BEFB-81A21394BAE6}.Release|Any CPU.ActiveCfg = Release|Any CPU
		{E1C6768E-1E57-45B1-BEFB-81A21394BAE6}.Release|Any CPU.Build.0 = Release|Any CPU
		{75823B70-32CA-4B92-80BA-5B6892355308}.Debug|Any CPU.ActiveCfg = Debug|Any CPU
		{75823B70-32CA-4B92-80BA-5B6892355308}.Debug|Any CPU.Build.0 = Debug|Any CPU
		{75823B70-32CA-4B92-80BA-5B6892355308}.Release|Any CPU.ActiveCfg = Release|Any CPU
		{75823B70-32CA-4B92-80BA-5B6892355308}.Release|Any CPU.Build.0 = Release|Any CPU
	EndGlobalSection
	GlobalSection(SolutionProperties) = preSolution
		HideSolutionNode = FALSE
	EndGlobalSection
	GlobalSection(ExtensibilityGlobals) = postSolution
		SolutionGuid = {DE688539-EF72-44CF-A240-50AD5E1877A7}
	EndGlobalSection
EndGlobal
